// !$*UTF8*$!
{
	archiveVersion = 1;
	classes = {
	};
	objectVersion = 55;
	objects = {

/* Begin PBXBuildFile section */
		CA188AF3280EF4DF00BC9CA7 /* CollectionViewController.swift in Sources */ = {isa = PBXBuildFile; fileRef = CA188AF2280EF4DF00BC9CA7 /* CollectionViewController.swift */; };
		CA188AF5280EF51E00BC9CA7 /* topCollectionViewCell.swift in Sources */ = {isa = PBXBuildFile; fileRef = CA188AF4280EF51E00BC9CA7 /* topCollectionViewCell.swift */; };
		CA188B19280F2DF500BC9CA7 /* lowCollectionViewCell.swift in Sources */ = {isa = PBXBuildFile; fileRef = CA188B18280F2DF500BC9CA7 /* lowCollectionViewCell.swift */; };
		CA188B1B2812E4A100BC9CA7 /* ViewControllerFour.swift in Sources */ = {isa = PBXBuildFile; fileRef = CA188B1A2812E4A100BC9CA7 /* ViewControllerFour.swift */; };
		CA188B1D28131B4000BC9CA7 /* ViewControllerFive.swift in Sources */ = {isa = PBXBuildFile; fileRef = CA188B1C28131B4000BC9CA7 /* ViewControllerFive.swift */; };
		CA88AC45280C755500BA2DF6 /* ViewControllerTwo.swift in Sources */ = {isa = PBXBuildFile; fileRef = CA88AC44280C755500BA2DF6 /* ViewControllerTwo.swift */; };
		CAEF3153280C23070002EE8F /* AppDelegate.swift in Sources */ = {isa = PBXBuildFile; fileRef = CAEF3152280C23070002EE8F /* AppDelegate.swift */; };
		CAEF3155280C23070002EE8F /* SceneDelegate.swift in Sources */ = {isa = PBXBuildFile; fileRef = CAEF3154280C23070002EE8F /* SceneDelegate.swift */; };
		CAEF3157280C23070002EE8F /* ViewController.swift in Sources */ = {isa = PBXBuildFile; fileRef = CAEF3156280C23070002EE8F /* ViewController.swift */; };
		CAEF315C280C230A0002EE8F /* Assets.xcassets in Resources */ = {isa = PBXBuildFile; fileRef = CAEF315B280C230A0002EE8F /* Assets.xcassets */; };
		CAEF315F280C230A0002EE8F /* LaunchScreen.storyboard in Resources */ = {isa = PBXBuildFile; fileRef = CAEF315D280C230A0002EE8F /* LaunchScreen.storyboard */; };
/* End PBXBuildFile section */

/* Begin PBXFileReference section */
		CA188AF2280EF4DF00BC9CA7 /* CollectionViewController.swift */ = {isa = PBXFileReference; lastKnownFileType = sourcecode.swift; path = CollectionViewController.swift; sourceTree = "<group>"; };
		CA188AF4280EF51E00BC9CA7 /* topCollectionViewCell.swift */ = {isa = PBXFileReference; lastKnownFileType = sourcecode.swift; path = topCollectionViewCell.swift; sourceTree = "<group>"; };
		CA188B18280F2DF500BC9CA7 /* lowCollectionViewCell.swift */ = {isa = PBXFileReference; lastKnownFileType = sourcecode.swift; path = lowCollectionViewCell.swift; sourceTree = "<group>"; };
		CA188B1A2812E4A100BC9CA7 /* ViewControllerFour.swift */ = {isa = PBXFileReference; lastKnownFileType = sourcecode.swift; path = ViewControllerFour.swift; sourceTree = "<group>"; };
		CA188B1C28131B4000BC9CA7 /* ViewControllerFive.swift */ = {isa = PBXFileReference; lastKnownFileType = sourcecode.swift; path = ViewControllerFive.swift; sourceTree = "<group>"; };
		CA88AC44280C755500BA2DF6 /* ViewControllerTwo.swift */ = {isa = PBXFileReference; lastKnownFileType = sourcecode.swift; path = ViewControllerTwo.swift; sourceTree = "<group>"; };
		CAEF314F280C23070002EE8F /* GitHubProject.app */ = {isa = PBXFileReference; explicitFileType = wrapper.application; includeInIndex = 0; path = GitHubProject.app; sourceTree = BUILT_PRODUCTS_DIR; };
		CAEF3152280C23070002EE8F /* AppDelegate.swift */ = {isa = PBXFileReference; lastKnownFileType = sourcecode.swift; path = AppDelegate.swift; sourceTree = "<group>"; };
		CAEF3154280C23070002EE8F /* SceneDelegate.swift */ = {isa = PBXFileReference; lastKnownFileType = sourcecode.swift; path = SceneDelegate.swift; sourceTree = "<group>"; };
		CAEF3156280C23070002EE8F /* ViewController.swift */ = {isa = PBXFileReference; lastKnownFileType = sourcecode.swift; path = ViewController.swift; sourceTree = "<group>"; };
		CAEF315B280C230A0002EE8F /* Assets.xcassets */ = {isa = PBXFileReference; lastKnownFileType = folder.assetcatalog; path = Assets.xcassets; sourceTree = "<group>"; };
		CAEF315E280C230A0002EE8F /* Base */ = {isa = PBXFileReference; lastKnownFileType = file.storyboard; name = Base; path = Base.lproj/LaunchScreen.storyboard; sourceTree = "<group>"; };
		CAEF3160280C230A0002EE8F /* Info.plist */ = {isa = PBXFileReference; lastKnownFileType = text.plist.xml; path = Info.plist; sourceTree = "<group>"; };
/* End PBXFileReference section */

/* Begin PBXFrameworksBuildPhase section */
		CAEF314C280C23070002EE8F /* Frameworks */ = {
			isa = PBXFrameworksBuildPhase;
			buildActionMask = 2147483647;
			files = (
			);
			runOnlyForDeploymentPostprocessing = 0;
		};
/* End PBXFrameworksBuildPhase section */

/* Begin PBXGroup section */
		CAEF3146280C23070002EE8F = {
			isa = PBXGroup;
			children = (
				CAEF3151280C23070002EE8F /* GitHubProject */,
				CAEF3150280C23070002EE8F /* Products */,
			);
			sourceTree = "<group>";
		};
		CAEF3150280C23070002EE8F /* Products */ = {
			isa = PBXGroup;
			children = (
				CAEF314F280C23070002EE8F /* GitHubProject.app */,
			);
			name = Products;
			sourceTree = "<group>";
		};
		CAEF3151280C23070002EE8F /* GitHubProject */ = {
			isa = PBXGroup;
			children = (
				CAEF3152280C23070002EE8F /* AppDelegate.swift */,
				CAEF3154280C23070002EE8F /* SceneDelegate.swift */,
				CAEF3156280C23070002EE8F /* ViewController.swift */,
				CA188AF2280EF4DF00BC9CA7 /* CollectionViewController.swift */,
				CA188AF4280EF51E00BC9CA7 /* topCollectionViewCell.swift */,
				CA188B18280F2DF500BC9CA7 /* lowCollectionViewCell.swift */,
				CA88AC44280C755500BA2DF6 /* ViewControllerTwo.swift */,
				CA188B1A2812E4A100BC9CA7 /* ViewControllerFour.swift */,
				CA188B1C28131B4000BC9CA7 /* ViewControllerFive.swift */,
				CAEF315B280C230A0002EE8F /* Assets.xcassets */,
				CAEF315D280C230A0002EE8F /* LaunchScreen.storyboard */,
				CAEF3160280C230A0002EE8F /* Info.plist */,
			);
			path = GitHubProject;
			sourceTree = "<group>";
		};
/* End PBXGroup section */

/* Begin PBXNativeTarget section */
		CAEF314E280C23070002EE8F /* GitHubProject */ = {
			isa = PBXNativeTarget;
			buildConfigurationList = CAEF3163280C230A0002EE8F /* Build configuration list for PBXNativeTarget "GitHubProject" */;
			buildPhases = (
				CAEF314B280C23070002EE8F /* Sources */,
				CAEF314C280C23070002EE8F /* Frameworks */,
				CAEF314D280C23070002EE8F /* Resources */,
			);
			buildRules = (
			);
			dependencies = (
			);
			name = GitHubProject;
			productName = GitHubProject;
			productReference = CAEF314F280C23070002EE8F /* GitHubProject.app */;
			productType = "com.apple.product-type.application";
		};
/* End PBXNativeTarget section */

/* Begin PBXProject section */
		CAEF3147280C23070002EE8F /* Project object */ = {
			isa = PBXProject;
			attributes = {
				BuildIndependentTargetsInParallel = 1;
				LastSwiftUpdateCheck = 1320;
				LastUpgradeCheck = 1320;
				TargetAttributes = {
					CAEF314E280C23070002EE8F = {
						CreatedOnToolsVersion = 13.2.1;
					};
				};
			};
			buildConfigurationList = CAEF314A280C23070002EE8F /* Build configuration list for PBXProject "GitHubProject" */;
			compatibilityVersion = "Xcode 13.0";
			developmentRegion = en;
			hasScannedForEncodings = 0;
			knownRegions = (
				en,
				Base,
			);
			mainGroup = CAEF3146280C23070002EE8F;
			productRefGroup = CAEF3150280C23070002EE8F /* Products */;
			projectDirPath = "";
			projectRoot = "";
			targets = (
				CAEF314E280C23070002EE8F /* GitHubProject */,
			);
		};
/* End PBXProject section */

/* Begin PBXResourcesBuildPhase section */
		CAEF314D280C23070002EE8F /* Resources */ = {
			isa = PBXResourcesBuildPhase;
			buildActionMask = 2147483647;
			files = (
				CAEF315F280C230A0002EE8F /* LaunchScreen.storyboard in Resources */,
				CAEF315C280C230A0002EE8F /* Assets.xcassets in Resources */,
			);
			runOnlyForDeploymentPostprocessing = 0;
		};
/* End PBXResourcesBuildPhase section */

/* Begin PBXSourcesBuildPhase section */
		CAEF314B280C23070002EE8F /* Sources */ = {
			isa = PBXSourcesBuildPhase;
			buildActionMask = 2147483647;
			files = (
				CAEF3157280C23070002EE8F /* ViewController.swift in Sources */,
				CAEF3153280C23070002EE8F /* AppDelegate.swift in Sources */,
				CA188AF5280EF51E00BC9CA7 /* topCollectionViewCell.swift in Sources */,
				CA188B19280F2DF500BC9CA7 /* lowCollectionViewCell.swift in Sources */,
				CAEF3155280C23070002EE8F /* SceneDelegate.swift in Sources */,
				CA88AC45280C755500BA2DF6 /* ViewControllerTwo.swift in Sources */,
				CA188B1B2812E4A100BC9CA7 /* ViewControllerFour.swift in Sources */,
				CA188B1D28131B4000BC9CA7 /* ViewControllerFive.swift in Sources */,
				CA188AF3280EF4DF00BC9CA7 /* CollectionViewController.swift in Sources */,
			);
			runOnlyForDeploymentPostprocessing = 0;
		};
/* End PBXSourcesBuildPhase section */

/* Begin PBXVariantGroup section */
		CAEF315D280C230A0002EE8F /* LaunchScreen.storyboard */ = {
			isa = PBXVariantGroup;
			children = (
				CAEF315E280C230A0002EE8F /* Base */,
			);
			name = LaunchScreen.storyboard;
			sourceTree = "<group>";
		};
/* End PBXVariantGroup section */

/* Begin XCBuildConfiguration section */
		CAEF3161280C230A0002EE8F /* Debug */ = {
			isa = XCBuildConfiguration;
			buildSettings = {
				ALWAYS_SEARCH_USER_PATHS = NO;
				CLANG_ANALYZER_NONNULL = YES;
				CLANG_ANALYZER_NUMBER_OBJECT_CONVERSION = YES_AGGRESSIVE;
				CLANG_CXX_LANGUAGE_STANDARD = "gnu++17";
				CLANG_CXX_LIBRARY = "libc++";
				CLANG_ENABLE_MODULES = YES;
				CLANG_ENABLE_OBJC_ARC = YES;
				CLANG_ENABLE_OBJC_WEAK = YES;
				CLANG_WARN_BLOCK_CAPTURE_AUTORELEASING = YES;
				CLANG_WARN_BOOL_CONVERSION = YES;
				CLANG_WARN_COMMA = YES;
				CLANG_WARN_CONSTANT_CONVERSION = YES;
				CLANG_WARN_DEPRECATED_OBJC_IMPLEMENTATIONS = YES;
				CLANG_WARN_DIRECT_OBJC_ISA_USAGE = YES_ERROR;
				CLANG_WARN_DOCUMENTATION_COMMENTS = YES;
				CLANG_WARN_EMPTY_BODY = YES;
				CLANG_WARN_ENUM_CONVERSION = YES;
				CLANG_WARN_INFINITE_RECURSION = YES;
				CLANG_WARN_INT_CONVERSION = YES;
				CLANG_WARN_NON_LITERAL_NULL_CONVERSION = YES;
				CLANG_WARN_OBJC_IMPLICIT_RETAIN_SELF = YES;
				CLANG_WARN_OBJC_LITERAL_CONVERSION = YES;
				CLANG_WARN_OBJC_ROOT_CLASS = YES_ERROR;
				CLANG_WARN_QUOTED_INCLUDE_IN_FRAMEWORK_HEADER = YES;
				CLANG_WARN_RANGE_LOOP_ANALYSIS = YES;
				CLANG_WARN_STRICT_PROTOTYPES = YES;
				CLANG_WARN_SUSPICIOUS_MOVE = YES;
				CLANG_WARN_UNGUARDED_AVAILABILITY = YES_AGGRESSIVE;
				CLANG_WARN_UNREACHABLE_CODE = YES;
				CLANG_WARN__DUPLICATE_METHOD_MATCH = YES;
				COPY_PHASE_STRIP = NO;
				DEBUG_INFORMATION_FORMAT = dwarf;
				ENABLE_STRICT_OBJC_MSGSEND = YES;
				ENABLE_TESTABILITY = YES;
				GCC_C_LANGUAGE_STANDARD = gnu11;
				GCC_DYNAMIC_NO_PIC = NO;
				GCC_NO_COMMON_BLOCKS = YES;
				GCC_OPTIMIZATION_LEVEL = 0;
				GCC_PREPROCESSOR_DEFINITIONS = (
					"DEBUG=1",
					"$(inherited)",
				);
				GCC_WARN_64_TO_32_BIT_CONVERSION = YES;
				GCC_WARN_ABOUT_RETURN_TYPE = YES_ERROR;
				GCC_WARN_UNDECLARED_SELECTOR = YES;
				GCC_WARN_UNINITIALIZED_AUTOS = YES_AGGRESSIVE;
				GCC_WARN_UNUSED_FUNCTION = YES;
				GCC_WARN_UNUSED_VARIABLE = YES;
				IPHONEOS_DEPLOYMENT_TARGET = 15.2;
				MTL_ENABLE_DEBUG_INFO = INCLUDE_SOURCE;
				MTL_FAST_MATH = YES;
				ONLY_ACTIVE_ARCH = YES;
				SDKROOT = iphoneos;
				SWIFT_ACTIVE_COMPILATION_CONDITIONS = DEBUG;
				SWIFT_OPTIMIZATION_LEVEL = "-Onone";
			};
			name = Debug;
		};
		CAEF3162280C230A0002EE8F /* Release */ = {
			isa = XCBuildConfiguration;
			buildSettings = {
				ALWAYS_SEARCH_USER_PATHS = NO;
				CLANG_ANALYZER_NONNULL = YES;
				CLANG_ANALYZER_NUMBER_OBJECT_CONVERSION = YES_AGGRESSIVE;
				CLANG_CXX_LANGUAGE_STANDARD = "gnu++17";
				CLANG_CXX_LIBRARY = "libc++";
				CLANG_ENABLE_MODULES = YES;
				CLANG_ENABLE_OBJC_ARC = YES;
				CLANG_ENABLE_OBJC_WEAK = YES;
				CLANG_WARN_BLOCK_CAPTURE_AUTORELEASING = YES;
				CLANG_WARN_BOOL_CONVERSION = YES;
				CLANG_WARN_COMMA = YES;
				CLANG_WARN_CONSTANT_CONVERSION = YES;
				CLANG_WARN_DEPRECATED_OBJC_IMPLEMENTATIONS = YES;
				CLANG_WARN_DIRECT_OBJC_ISA_USAGE = YES_ERROR;
				CLANG_WARN_DOCUMENTATION_COMMENTS = YES;
				CLANG_WARN_EMPTY_BODY = YES;
				CLANG_WARN_ENUM_CONVERSION = YES;
				CLANG_WARN_INFINITE_RECURSION = YES;
				CLANG_WARN_INT_CONVERSION = YES;
				CLANG_WARN_NON_LITERAL_NULL_CONVERSION = YES;
				CLANG_WARN_OBJC_IMPLICIT_RETAIN_SELF = YES;
				CLANG_WARN_OBJC_LITERAL_CONVERSION = YES;
				CLANG_WARN_OBJC_ROOT_CLASS = YES_ERROR;
				CLANG_WARN_QUOTED_INCLUDE_IN_FRAMEWORK_HEADER = YES;
				CLANG_WARN_RANGE_LOOP_ANALYSIS = YES;
				CLANG_WARN_STRICT_PROTOTYPES = YES;
				CLANG_WARN_SUSPICIOUS_MOVE = YES;
				CLANG_WARN_UNGUARDED_AVAILABILITY = YES_AGGRESSIVE;
				CLANG_WARN_UNREACHABLE_CODE = YES;
				CLANG_WARN__DUPLICATE_METHOD_MATCH = YES;
				COPY_PHASE_STRIP = NO;
				DEBUG_INFORMATION_FORMAT = "dwarf-with-dsym";
				ENABLE_NS_ASSERTIONS = NO;
				ENABLE_STRICT_OBJC_MSGSEND = YES;
				GCC_C_LANGUAGE_STANDARD = gnu11;
				GCC_NO_COMMON_BLOCKS = YES;
				GCC_WARN_64_TO_32_BIT_CONVERSION = YES;
				GCC_WARN_ABOUT_RETURN_TYPE = YES_ERROR;
				GCC_WARN_UNDECLARED_SELECTOR = YES;
				GCC_WARN_UNINITIALIZED_AUTOS = YES_AGGRESSIVE;
				GCC_WARN_UNUSED_FUNCTION = YES;
				GCC_WARN_UNUSED_VARIABLE = YES;
				IPHONEOS_DEPLOYMENT_TARGET = 15.2;
				MTL_ENABLE_DEBUG_INFO = NO;
				MTL_FAST_MATH = YES;
				SDKROOT = iphoneos;
				SWIFT_COMPILATION_MODE = wholemodule;
				SWIFT_OPTIMIZATION_LEVEL = "-O";
				VALIDATE_PRODUCT = YES;
			};
			name = Release;
		};
		CAEF3164280C230A0002EE8F /* Debug */ = {
			isa = XCBuildConfiguration;
			buildSettings = {
				ASSETCATALOG_COMPILER_APPICON_NAME = AppIcon;
				ASSETCATALOG_COMPILER_GLOBAL_ACCENT_COLOR_NAME = AccentColor;
				CODE_SIGN_STYLE = Automatic;
				CURRENT_PROJECT_VERSION = 1;
				GENERATE_INFOPLIST_FILE = YES;
				INFOPLIST_FILE = GitHubProject/Info.plist;
				INFOPLIST_KEY_UIApplicationSupportsIndirectInputEvents = YES;
				INFOPLIST_KEY_UILaunchStoryboardName = LaunchScreen;
				INFOPLIST_KEY_UISupportedInterfaceOrientations_iPad = "UIInterfaceOrientationPortrait UIInterfaceOrientationPortraitUpsideDown UIInterfaceOrientationLandscapeLeft UIInterfaceOrientationLandscapeRight";
				INFOPLIST_KEY_UISupportedInterfaceOrientations_iPhone = "UIInterfaceOrientationPortrait UIInterfaceOrientationLandscapeLeft UIInterfaceOrientationLandscapeRight";
				LD_RUNPATH_SEARCH_PATHS = (
					"$(inherited)",
					"@executable_path/Frameworks",
				);
				MARKETING_VERSION = 1.0;
				PRODUCT_BUNDLE_IDENTIFIER = avd.GitHubProject;
				PRODUCT_NAME = "$(TARGET_NAME)";
				SWIFT_EMIT_LOC_STRINGS = YES;
				SWIFT_VERSION = 5.0;
				TARGETED_DEVICE_FAMILY = "1,2";
			};
			name = Debug;
		};
		CAEF3165280C230A0002EE8F /* Release */ = {
			isa = XCBuildConfiguration;
			buildSettings = {
				ASSETCATALOG_COMPILER_APPICON_NAME = AppIcon;
				ASSETCATALOG_COMPILER_GLOBAL_ACCENT_COLOR_NAME = AccentColor;
				CODE_SIGN_STYLE = Automatic;
				CURRENT_PROJECT_VERSION = 1;
				GENERATE_INFOPLIST_FILE = YES;
				INFOPLIST_FILE = GitHubProject/Info.plist;
				INFOPLIST_KEY_UIApplicationSupportsIndirectInputEvents = YES;
				INFOPLIST_KEY_UILaunchStoryboardName = LaunchScreen;
				INFOPLIST_KEY_UISupportedInterfaceOrientations_iPad = "UIInterfaceOrientationPortrait UIInterfaceOrientationPortraitUpsideDown UIInterfaceOrientationLandscapeLeft UIInterfaceOrientationLandscapeRight";
				INFOPLIST_KEY_UISupportedInterfaceOrientations_iPhone = "UIInterfaceOrientationPortrait UIInterfaceOrientationLandscapeLeft UIInterfaceOrientationLandscapeRight";
				LD_RUNPATH_SEARCH_PATHS = (
					"$(inherited)",
					"@executable_path/Frameworks",
				);
				MARKETING_VERSION = 1.0;
				PRODUCT_BUNDLE_IDENTIFIER = avd.GitHubProject;
				PRODUCT_NAME = "$(TARGET_NAME)";
				SWIFT_EMIT_LOC_STRINGS = YES;
				SWIFT_VERSION = 5.0;
				TARGETED_DEVICE_FAMILY = "1,2";
			};
			name = Release;
		};
/* End XCBuildConfiguration section */

/* Begin XCConfigurationList section */
		CAEF314A280C23070002EE8F /* Build configuration list for PBXProject "GitHubProject" */ = {
			isa = XCConfigurationList;
			buildConfigurations = (
				CAEF3161280C230A0002EE8F /* Debug */,
				CAEF3162280C230A0002EE8F /* Release */,
			);
			defaultConfigurationIsVisible = 0;
			defaultConfigurationName = Release;
		};
		CAEF3163280C230A0002EE8F /* Build configuration list for PBXNativeTarget "GitHubProject" */ = {
			isa = XCConfigurationList;
			buildConfigurations = (
				CAEF3164280C230A0002EE8F /* Debug */,
				CAEF3165280C230A0002EE8F /* Release */,
			);
			defaultConfigurationIsVisible = 0;
			defaultConfigurationName = Release;
		};
/* End XCConfigurationList section */
	};
	rootObject = CAEF3147280C23070002EE8F /* Project object */;
}
